
Microsoft Visual Studio Solution File, Format Version 12.00
Project("{FAE04EC0-301F-11D3-BF4B-00C04F79EFBC}") = "Client", "Client\Client.csproj", "{7F2A91B9-AAD0-496A-B26D-F4A7D5BDD016}"
EndProject
Project("{FAE04EC0-301F-11D3-BF4B-00C04F79EFBC}") = "Server", "Server\Server.csproj", "{0C297F39-B225-4841-8ED6-71DD4B2F5E06}"
EndProject
Project("{FAE04EC0-301F-11D3-BF4B-00C04F79EFBC}") = "LogViewer", "LogViewer\LogViewer.csproj", "{824EEC26-C4FF-4236-A18F-AB634184865E}"
EndProject
Global
	GlobalSection(SolutionConfigurationPlatforms) = preSolution
		Debug|Any CPU = Debug|Any CPU
		Release|Any CPU = Release|Any CPU
	EndGlobalSection
	GlobalSection(ProjectConfigurationPlatforms) = postSolution
		{7F2A91B9-AAD0-496A-B26D-F4A7D5BDD016}.Debug|Any CPU.ActiveCfg = Debug|Any CPU
		{7F2A91B9-AAD0-496A-B26D-F4A7D5BDD016}.Debug|Any CPU.Build.0 = Debug|Any CPU
		{7F2A91B9-AAD0-496A-B26D-F4A7D5BDD016}.Release|Any CPU.ActiveCfg = Release|Any CPU
		{7F2A91B9-AAD0-496A-B26D-F4A7D5BDD016}.Release|Any CPU.Build.0 = Release|Any CPU
		{0C297F39-B225-4841-8ED6-71DD4B2F5E06}.Debug|Any CPU.ActiveCfg = Debug|Any CPU
		{0C297F39-B225-4841-8ED6-71DD4B2F5E06}.Debug|Any CPU.Build.0 = Debug|Any CPU
		{0C297F39-B225-4841-8ED6-71DD4B2F5E06}.Release|Any CPU.ActiveCfg = Release|Any CPU
		{0C297F39-B225-4841-8ED6-71DD4B2F5E06}.Release|Any CPU.Build.0 = Release|Any CPU
		{824EEC26-C4FF-4236-A18F-AB634184865E}.Debug|Any CPU.ActiveCfg = Debug|Any CPU
		{824EEC26-C4FF-4236-A18F-AB634184865E}.Debug|Any CPU.Build.0 = Debug|Any CPU
		{824EEC26-C4FF-4236-A18F-AB634184865E}.Release|Any CPU.ActiveCfg = Release|Any CPU
		{824EEC26-C4FF-4236-A18F-AB634184865E}.Release|Any CPU.Build.0 = Release|Any CPU
	EndGlobalSection
EndGlobal
